
Microsoft Visual Studio Solution File, Format Version 12.00
# Visual Studio Version 16
VisualStudioVersion = 16.0.29509.3
MinimumVisualStudioVersion = 10.0.40219.1
Project("{9A19103F-16F7-4668-BE54-9A1E7A4F7556}") = "Redmond.Domain", "Redmond.Domain\Redmond.Domain.csproj", "{2DDC2C80-FC3F-4734-93CA-33037B206CE7}"
EndProject
Project("{9A19103F-16F7-4668-BE54-9A1E7A4F7556}") = "Redmond.Infrastructure", "Redmond.Infrastructure\Redmond.Infrastructure.csproj", "{E6696B5D-4E75-437C-A3AF-B5E9EA537887}"
EndProject
Project("{9A19103F-16F7-4668-BE54-9A1E7A4F7556}") = "Redmond.Application", "Redmond.Application\Redmond.Application.csproj", "{70127385-B3B4-4C1E-A0CF-02A085390D9B}"
EndProject
Project("{9A19103F-16F7-4668-BE54-9A1E7A4F7556}") = "Redmond.API", "Redmond.API\Redmond.API.csproj", "{B99FE5C1-394F-4329-9777-D425DEF95EF0}"
EndProject
Project("{9A19103F-16F7-4668-BE54-9A1E7A4F7556}") = "Redmond.SharedKernel", "Redmond.SharedKernel\Redmond.SharedKernel.csproj", "{0C252587-6825-47B3-AD45-1C9EF5197259}"
EndProject
Project("{2150E333-8FDC-42A3-9474-1A3956D46DE8}") = "Configurations", "Configurations", "{AB0379DE-D77D-4F29-8785-88831C51C0C6}"
	ProjectSection(SolutionItems) = preProject
		.editorconfig = .editorconfig
		.gitignore = .gitignore
	EndProjectSection
EndProject
Global
	GlobalSection(SolutionConfigurationPlatforms) = preSolution
		Debug|Any CPU = Debug|Any CPU
		Release|Any CPU = Release|Any CPU
	EndGlobalSection
	GlobalSection(ProjectConfigurationPlatforms) = postSolution
		{2DDC2C80-FC3F-4734-93CA-33037B206CE7}.Debug|Any CPU.ActiveCfg = Debug|Any CPU
		{2DDC2C80-FC3F-4734-93CA-33037B206CE7}.Debug|Any CPU.Build.0 = Debug|Any CPU
		{2DDC2C80-FC3F-4734-93CA-33037B206CE7}.Release|Any CPU.ActiveCfg = Release|Any CPU
		{2DDC2C80-FC3F-4734-93CA-33037B206CE7}.Release|Any CPU.Build.0 = Release|Any CPU
		{E6696B5D-4E75-437C-A3AF-B5E9EA537887}.Debug|Any CPU.ActiveCfg = Debug|Any CPU
		{E6696B5D-4E75-437C-A3AF-B5E9EA537887}.Debug|Any CPU.Build.0 = Debug|Any CPU
		{E6696B5D-4E75-437C-A3AF-B5E9EA537887}.Release|Any CPU.ActiveCfg = Release|Any CPU
		{E6696B5D-4E75-437C-A3AF-B5E9EA537887}.Release|Any CPU.Build.0 = Release|Any CPU
		{70127385-B3B4-4C1E-A0CF-02A085390D9B}.Debug|Any CPU.ActiveCfg = Debug|Any CPU
		{70127385-B3B4-4C1E-A0CF-02A085390D9B}.Debug|Any CPU.Build.0 = Debug|Any CPU
		{70127385-B3B4-4C1E-A0CF-02A085390D9B}.Release|Any CPU.ActiveCfg = Release|Any CPU
		{70127385-B3B4-4C1E-A0CF-02A085390D9B}.Release|Any CPU.Build.0 = Release|Any CPU
		{B99FE5C1-394F-4329-9777-D425DEF95EF0}.Debug|Any CPU.ActiveCfg = Debug|Any CPU
		{B99FE5C1-394F-4329-9777-D425DEF95EF0}.Debug|Any CPU.Build.0 = Debug|Any CPU
		{B99FE5C1-394F-4329-9777-D425DEF95EF0}.Release|Any CPU.ActiveCfg = Release|Any CPU
		{B99FE5C1-394F-4329-9777-D425DEF95EF0}.Release|Any CPU.Build.0 = Release|Any CPU
		{0C252587-6825-47B3-AD45-1C9EF5197259}.Debug|Any CPU.ActiveCfg = Debug|Any CPU
		{0C252587-6825-47B3-AD45-1C9EF5197259}.Debug|Any CPU.Build.0 = Debug|Any CPU
		{0C252587-6825-47B3-AD45-1C9EF5197259}.Release|Any CPU.ActiveCfg = Release|Any CPU
		{0C252587-6825-47B3-AD45-1C9EF5197259}.Release|Any CPU.Build.0 = Release|Any CPU
	EndGlobalSection
	GlobalSection(SolutionProperties) = preSolution
		HideSolutionNode = FALSE
	EndGlobalSection
	GlobalSection(ExtensibilityGlobals) = postSolution
		SolutionGuid = {A98E29F3-9FED-46AD-9521-DDF03DD4C7B3}
	EndGlobalSection
EndGlobal
